{
  "nodes": {
    "dotfiles": {
      "flake": false,
      "locked": {
        "lastModified": 1746204199,
        "narHash": "sha256-xLhmSWNabS2c1/bTqiMRZLCwqYq3Kg9FXhZrR8naogw=",
        "owner": "john-s-lin",
        "repo": "dotfiles",
        "rev": "08a9515c07c1cf62ab020804386ae7eb3d5928ce",
        "type": "github"
      },
      "original": {
        "owner": "john-s-lin",
        "repo": "dotfiles",
        "type": "github"
      }
    },
    "home-manager": {
      "inputs": {
        "nixpkgs": [
          "nixpkgs"
        ]
      },
      "locked": {
        "lastModified": 1746202459,
        "narHash": "sha256-t0Pcnn+BAABOmGhpBmvSFE1qz7HQwYsZrhN7t3NLCtE=",
        "owner": "nix-community",
        "repo": "home-manager",
        "rev": "d6b0c054571a444acd2755b038bb7df5eb7954a7",
        "type": "github"
      },
      "original": {
        "owner": "nix-community",
        "repo": "home-manager",
        "type": "github"
      }
    },
    "home-manager_2": {
      "inputs": {
        "nixpkgs": [
          "zen-browser",
          "nixpkgs"
        ]
      },
      "locked": {
        "lastModified": 1743604125,
        "narHash": "sha256-ZD61DNbsBt1mQbinAaaEqKaJk2RFo9R/j+eYWeGMx7A=",
        "owner": "nix-community",
        "repo": "home-manager",
        "rev": "180fd43eea296e62ae68e079fcf56aba268b9a1a",
        "type": "github"
      },
      "original": {
        "owner": "nix-community",
        "repo": "home-manager",
        "type": "github"
      }
    },
    "nixpkgs": {
      "locked": {
        "lastModified": 1746141548,
        "narHash": "sha256-IgBWhX7A2oJmZFIrpRuMnw5RAufVnfvOgHWgIdds+hc=",
        "owner": "nixos",
        "repo": "nixpkgs",
        "rev": "f02fddb8acef29a8b32f10a335d44828d7825b78",
        "type": "github"
      },
      "original": {
        "owner": "nixos",
        "ref": "nixos-unstable",
        "repo": "nixpkgs",
        "type": "github"
      }
    },
    "root": {
      "inputs": {
        "dotfiles": "dotfiles",
        "home-manager": "home-manager",
        "nixpkgs": "nixpkgs",
        "zen-browser": "zen-browser"
      }
    },
    "zen-browser": {
      "inputs": {
        "home-manager": "home-manager_2",
        "nixpkgs": [
          "nixpkgs"
        ]
      },
      "locked": {
        "lastModified": 1746199197,
        "narHash": "sha256-W99Pd0g7oAkQ0rVtCaKt7oFxxL5dUX25qeRZNHBIFVE=",
        "owner": "0xc000022070",
        "repo": "zen-browser-flake",
        "rev": "434bff07493cfcf52086da6927bb31f22ce0fd40",
        "type": "github"
      },
      "original": {
        "owner": "0xc000022070",
        "repo": "zen-browser-flake",
        "type": "github"
      }
    }
  },
  "root": "root",
  "version": 7
}
